// !$*UTF8*$!
{
	archiveVersion = 1;
	classes = {
	};
	objectVersion = 55;
	objects = {

/* Begin PBXBuildFile section */
		83CD4283292BE57600D51656 /* AppDelegate.swift in Sources */ = {isa = PBXBuildFile; fileRef = 83CD4282292BE57600D51656 /* AppDelegate.swift */; };
		83CD4285292BE57600D51656 /* SceneDelegate.swift in Sources */ = {isa = PBXBuildFile; fileRef = 83CD4284292BE57600D51656 /* SceneDelegate.swift */; };
		83CD4287292BE57600D51656 /* ViewController.swift in Sources */ = {isa = PBXBuildFile; fileRef = 83CD4286292BE57600D51656 /* ViewController.swift */; };
		83CD428A292BE57600D51656 /* Main.storyboard in Resources */ = {isa = PBXBuildFile; fileRef = 83CD4288292BE57600D51656 /* Main.storyboard */; };
		83CD428C292BE57800D51656 /* Assets.xcassets in Resources */ = {isa = PBXBuildFile; fileRef = 83CD428B292BE57800D51656 /* Assets.xcassets */; };
		83CD428F292BE57800D51656 /* LaunchScreen.storyboard in Resources */ = {isa = PBXBuildFile; fileRef = 83CD428D292BE57800D51656 /* LaunchScreen.storyboard */; };
		83CD4297292BE6AF00D51656 /* GraphView.swift in Sources */ = {isa = PBXBuildFile; fileRef = 83CD4296292BE6AF00D51656 /* GraphView.swift */; };
		83CD429A292BE6FF00D51656 /* Graph.swift in Sources */ = {isa = PBXBuildFile; fileRef = 83CD4299292BE6FF00D51656 /* Graph.swift */; };
		83CD429C292BE79E00D51656 /* Node.swift in Sources */ = {isa = PBXBuildFile; fileRef = 83CD429B292BE79E00D51656 /* Node.swift */; };
		83CD429E292BE7C100D51656 /* Edge.swift in Sources */ = {isa = PBXBuildFile; fileRef = 83CD429D292BE7C100D51656 /* Edge.swift */; };
		83CD42A8292D097C00D51656 /* GraphSettingsViewController.swift in Sources */ = {isa = PBXBuildFile; fileRef = 83CD42A7292D097C00D51656 /* GraphSettingsViewController.swift */; };
/* End PBXBuildFile section */

/* Begin PBXFileReference section */
		83CD427F292BE57600D51656 /* GraphApp.app */ = {isa = PBXFileReference; explicitFileType = wrapper.application; includeInIndex = 0; path = GraphApp.app; sourceTree = BUILT_PRODUCTS_DIR; };
		83CD4282292BE57600D51656 /* AppDelegate.swift */ = {isa = PBXFileReference; lastKnownFileType = sourcecode.swift; path = AppDelegate.swift; sourceTree = "<group>"; };
		83CD4284292BE57600D51656 /* SceneDelegate.swift */ = {isa = PBXFileReference; lastKnownFileType = sourcecode.swift; path = SceneDelegate.swift; sourceTree = "<group>"; };
		83CD4286292BE57600D51656 /* ViewController.swift */ = {isa = PBXFileReference; lastKnownFileType = sourcecode.swift; path = ViewController.swift; sourceTree = "<group>"; };
		83CD4289292BE57600D51656 /* Base */ = {isa = PBXFileReference; lastKnownFileType = file.storyboard; name = Base; path = Base.lproj/Main.storyboard; sourceTree = "<group>"; };
		83CD428B292BE57800D51656 /* Assets.xcassets */ = {isa = PBXFileReference; lastKnownFileType = folder.assetcatalog; path = Assets.xcassets; sourceTree = "<group>"; };
		83CD428E292BE57800D51656 /* Base */ = {isa = PBXFileReference; lastKnownFileType = file.storyboard; name = Base; path = Base.lproj/LaunchScreen.storyboard; sourceTree = "<group>"; };
		83CD4290292BE57800D51656 /* Info.plist */ = {isa = PBXFileReference; lastKnownFileType = text.plist.xml; path = Info.plist; sourceTree = "<group>"; };
		83CD4296292BE6AF00D51656 /* GraphView.swift */ = {isa = PBXFileReference; lastKnownFileType = sourcecode.swift; path = GraphView.swift; sourceTree = "<group>"; };
		83CD4299292BE6FF00D51656 /* Graph.swift */ = {isa = PBXFileReference; lastKnownFileType = sourcecode.swift; path = Graph.swift; sourceTree = "<group>"; };
		83CD429B292BE79E00D51656 /* Node.swift */ = {isa = PBXFileReference; lastKnownFileType = sourcecode.swift; path = Node.swift; sourceTree = "<group>"; };
		83CD429D292BE7C100D51656 /* Edge.swift */ = {isa = PBXFileReference; lastKnownFileType = sourcecode.swift; path = Edge.swift; sourceTree = "<group>"; };
		83CD42A7292D097C00D51656 /* GraphSettingsViewController.swift */ = {isa = PBXFileReference; lastKnownFileType = sourcecode.swift; path = GraphSettingsViewController.swift; sourceTree = "<group>"; };
/* End PBXFileReference section */

/* Begin PBXFrameworksBuildPhase section */
		83CD427C292BE57600D51656 /* Frameworks */ = {
			isa = PBXFrameworksBuildPhase;
			buildActionMask = 2147483647;
			files = (
			);
			runOnlyForDeploymentPostprocessing = 0;
		};
/* End PBXFrameworksBuildPhase section */

/* Begin PBXGroup section */
		83CD4276292BE57600D51656 = {
			isa = PBXGroup;
			children = (
				83CD4281292BE57600D51656 /* GraphApp */,
				83CD4280292BE57600D51656 /* Products */,
			);
			sourceTree = "<group>";
		};
		83CD4280292BE57600D51656 /* Products */ = {
			isa = PBXGroup;
			children = (
				83CD427F292BE57600D51656 /* GraphApp.app */,
			);
			name = Products;
			sourceTree = "<group>";
		};
		83CD4281292BE57600D51656 /* GraphApp */ = {
			isa = PBXGroup;
			children = (
				83CD4298292BE6F200D51656 /* Graph */,
				83CD4282292BE57600D51656 /* AppDelegate.swift */,
				83CD4284292BE57600D51656 /* SceneDelegate.swift */,
				83CD4286292BE57600D51656 /* ViewController.swift */,
				83CD4288292BE57600D51656 /* Main.storyboard */,
				83CD428B292BE57800D51656 /* Assets.xcassets */,
				83CD428D292BE57800D51656 /* LaunchScreen.storyboard */,
				83CD4290292BE57800D51656 /* Info.plist */,
				83CD4296292BE6AF00D51656 /* GraphView.swift */,
				83CD42A7292D097C00D51656 /* GraphSettingsViewController.swift */,
			);
			path = GraphApp;
			sourceTree = "<group>";
		};
		83CD4298292BE6F200D51656 /* Graph */ = {
			isa = PBXGroup;
			children = (
				83CD4299292BE6FF00D51656 /* Graph.swift */,
				83CD429B292BE79E00D51656 /* Node.swift */,
				83CD429D292BE7C100D51656 /* Edge.swift */,
			);
			path = Graph;
			sourceTree = "<group>";
		};
/* End PBXGroup section */

/* Begin PBXNativeTarget section */
		83CD427E292BE57600D51656 /* GraphApp */ = {
			isa = PBXNativeTarget;
			buildConfigurationList = 83CD4293292BE57800D51656 /* Build configuration list for PBXNativeTarget "GraphApp" */;
			buildPhases = (
				83CD427B292BE57600D51656 /* Sources */,
				83CD427C292BE57600D51656 /* Frameworks */,
				83CD427D292BE57600D51656 /* Resources */,
			);
			buildRules = (
			);
			dependencies = (
			);
			name = GraphApp;
			productName = GraphApp;
			productReference = 83CD427F292BE57600D51656 /* GraphApp.app */;
			productType = "com.apple.product-type.application";
		};
/* End PBXNativeTarget section */

/* Begin PBXProject section */
		83CD4277292BE57600D51656 /* Project object */ = {
			isa = PBXProject;
			attributes = {
				BuildIndependentTargetsInParallel = 1;
				LastSwiftUpdateCheck = 1320;
				LastUpgradeCheck = 1320;
				TargetAttributes = {
					83CD427E292BE57600D51656 = {
						CreatedOnToolsVersion = 13.2.1;
					};
				};
			};
			buildConfigurationList = 83CD427A292BE57600D51656 /* Build configuration list for PBXProject "GraphApp" */;
			compatibilityVersion = "Xcode 13.0";
			developmentRegion = en;
			hasScannedForEncodings = 0;
			knownRegions = (
				en,
				Base,
			);
			mainGroup = 83CD4276292BE57600D51656;
			productRefGroup = 83CD4280292BE57600D51656 /* Products */;
			projectDirPath = "";
			projectRoot = "";
			targets = (
				83CD427E292BE57600D51656 /* GraphApp */,
			);
		};
/* End PBXProject section */

/* Begin PBXResourcesBuildPhase section */
		83CD427D292BE57600D51656 /* Resources */ = {
			isa = PBXResourcesBuildPhase;
			buildActionMask = 2147483647;
			files = (
				83CD428F292BE57800D51656 /* LaunchScreen.storyboard in Resources */,
				83CD428C292BE57800D51656 /* Assets.xcassets in Resources */,
				83CD428A292BE57600D51656 /* Main.storyboard in Resources */,
			);
			runOnlyForDeploymentPostprocessing = 0;
		};
/* End PBXResourcesBuildPhase section */

/* Begin PBXSourcesBuildPhase section */
		83CD427B292BE57600D51656 /* Sources */ = {
			isa = PBXSourcesBuildPhase;
			buildActionMask = 2147483647;
			files = (
				83CD4287292BE57600D51656 /* ViewController.swift in Sources */,
				83CD4283292BE57600D51656 /* AppDelegate.swift in Sources */,
				83CD42A8292D097C00D51656 /* GraphSettingsViewController.swift in Sources */,
				83CD429E292BE7C100D51656 /* Edge.swift in Sources */,
				83CD4285292BE57600D51656 /* SceneDelegate.swift in Sources */,
				83CD429C292BE79E00D51656 /* Node.swift in Sources */,
				83CD4297292BE6AF00D51656 /* GraphView.swift in Sources */,
				83CD429A292BE6FF00D51656 /* Graph.swift in Sources */,
			);
			runOnlyForDeploymentPostprocessing = 0;
		};
/* End PBXSourcesBuildPhase section */

/* Begin PBXVariantGroup section */
		83CD4288292BE57600D51656 /* Main.storyboard */ = {
			isa = PBXVariantGroup;
			children = (
				83CD4289292BE57600D51656 /* Base */,
			);
			name = Main.storyboard;
			sourceTree = "<group>";
		};
		83CD428D292BE57800D51656 /* LaunchScreen.storyboard */ = {
			isa = PBXVariantGroup;
			children = (
				83CD428E292BE57800D51656 /* Base */,
			);
			name = LaunchScreen.storyboard;
			sourceTree = "<group>";
		};
/* End PBXVariantGroup section */

/* Begin XCBuildConfiguration section */
		83CD4291292BE57800D51656 /* Debug */ = {
			isa = XCBuildConfiguration;
			buildSettings = {
				ALWAYS_SEARCH_USER_PATHS = NO;
				CLANG_ANALYZER_NONNULL = YES;
				CLANG_ANALYZER_NUMBER_OBJECT_CONVERSION = YES_AGGRESSIVE;
				CLANG_CXX_LANGUAGE_STANDARD = "gnu++17";
				CLANG_CXX_LIBRARY = "libc++";
				CLANG_ENABLE_MODULES = YES;
				CLANG_ENABLE_OBJC_ARC = YES;
				CLANG_ENABLE_OBJC_WEAK = YES;
				CLANG_WARN_BLOCK_CAPTURE_AUTORELEASING = YES;
				CLANG_WARN_BOOL_CONVERSION = YES;
				CLANG_WARN_COMMA = YES;
				CLANG_WARN_CONSTANT_CONVERSION = YES;
				CLANG_WARN_DEPRECATED_OBJC_IMPLEMENTATIONS = YES;
				CLANG_WARN_DIRECT_OBJC_ISA_USAGE = YES_ERROR;
				CLANG_WARN_DOCUMENTATION_COMMENTS = YES;
				CLANG_WARN_EMPTY_BODY = YES;
				CLANG_WARN_ENUM_CONVERSION = YES;
				CLANG_WARN_INFINITE_RECURSION = YES;
				CLANG_WARN_INT_CONVERSION = YES;
				CLANG_WARN_NON_LITERAL_NULL_CONVERSION = YES;
				CLANG_WARN_OBJC_IMPLICIT_RETAIN_SELF = YES;
				CLANG_WARN_OBJC_LITERAL_CONVERSION = YES;
				CLANG_WARN_OBJC_ROOT_CLASS = YES_ERROR;
				CLANG_WARN_QUOTED_INCLUDE_IN_FRAMEWORK_HEADER = YES;
				CLANG_WARN_RANGE_LOOP_ANALYSIS = YES;
				CLANG_WARN_STRICT_PROTOTYPES = YES;
				CLANG_WARN_SUSPICIOUS_MOVE = YES;
				CLANG_WARN_UNGUARDED_AVAILABILITY = YES_AGGRESSIVE;
				CLANG_WARN_UNREACHABLE_CODE = YES;
				CLANG_WARN__DUPLICATE_METHOD_MATCH = YES;
				COPY_PHASE_STRIP = NO;
				DEBUG_INFORMATION_FORMAT = dwarf;
				ENABLE_STRICT_OBJC_MSGSEND = YES;
				ENABLE_TESTABILITY = YES;
				GCC_C_LANGUAGE_STANDARD = gnu11;
				GCC_DYNAMIC_NO_PIC = NO;
				GCC_NO_COMMON_BLOCKS = YES;
				GCC_OPTIMIZATION_LEVEL = 0;
				GCC_PREPROCESSOR_DEFINITIONS = (
					"DEBUG=1",
					"$(inherited)",
				);
				GCC_WARN_64_TO_32_BIT_CONVERSION = YES;
				GCC_WARN_ABOUT_RETURN_TYPE = YES_ERROR;
				GCC_WARN_UNDECLARED_SELECTOR = YES;
				GCC_WARN_UNINITIALIZED_AUTOS = YES_AGGRESSIVE;
				GCC_WARN_UNUSED_FUNCTION = YES;
				GCC_WARN_UNUSED_VARIABLE = YES;
				IPHONEOS_DEPLOYMENT_TARGET = 15.2;
				MTL_ENABLE_DEBUG_INFO = INCLUDE_SOURCE;
				MTL_FAST_MATH = YES;
				ONLY_ACTIVE_ARCH = YES;
				SDKROOT = iphoneos;
				SWIFT_ACTIVE_COMPILATION_CONDITIONS = DEBUG;
				SWIFT_OPTIMIZATION_LEVEL = "-Onone";
			};
			name = Debug;
		};
		83CD4292292BE57800D51656 /* Release */ = {
			isa = XCBuildConfiguration;
			buildSettings = {
				ALWAYS_SEARCH_USER_PATHS = NO;
				CLANG_ANALYZER_NONNULL = YES;
				CLANG_ANALYZER_NUMBER_OBJECT_CONVERSION = YES_AGGRESSIVE;
				CLANG_CXX_LANGUAGE_STANDARD = "gnu++17";
				CLANG_CXX_LIBRARY = "libc++";
				CLANG_ENABLE_MODULES = YES;
				CLANG_ENABLE_OBJC_ARC = YES;
				CLANG_ENABLE_OBJC_WEAK = YES;
				CLANG_WARN_BLOCK_CAPTURE_AUTORELEASING = YES;
				CLANG_WARN_BOOL_CONVERSION = YES;
				CLANG_WARN_COMMA = YES;
				CLANG_WARN_CONSTANT_CONVERSION = YES;
				CLANG_WARN_DEPRECATED_OBJC_IMPLEMENTATIONS = YES;
				CLANG_WARN_DIRECT_OBJC_ISA_USAGE = YES_ERROR;
				CLANG_WARN_DOCUMENTATION_COMMENTS = YES;
				CLANG_WARN_EMPTY_BODY = YES;
				CLANG_WARN_ENUM_CONVERSION = YES;
				CLANG_WARN_INFINITE_RECURSION = YES;
				CLANG_WARN_INT_CONVERSION = YES;
				CLANG_WARN_NON_LITERAL_NULL_CONVERSION = YES;
				CLANG_WARN_OBJC_IMPLICIT_RETAIN_SELF = YES;
				CLANG_WARN_OBJC_LITERAL_CONVERSION = YES;
				CLANG_WARN_OBJC_ROOT_CLASS = YES_ERROR;
				CLANG_WARN_QUOTED_INCLUDE_IN_FRAMEWORK_HEADER = YES;
				CLANG_WARN_RANGE_LOOP_ANALYSIS = YES;
				CLANG_WARN_STRICT_PROTOTYPES = YES;
				CLANG_WARN_SUSPICIOUS_MOVE = YES;
				CLANG_WARN_UNGUARDED_AVAILABILITY = YES_AGGRESSIVE;
				CLANG_WARN_UNREACHABLE_CODE = YES;
				CLANG_WARN__DUPLICATE_METHOD_MATCH = YES;
				COPY_PHASE_STRIP = NO;
				DEBUG_INFORMATION_FORMAT = "dwarf-with-dsym";
				ENABLE_NS_ASSERTIONS = NO;
				ENABLE_STRICT_OBJC_MSGSEND = YES;
				GCC_C_LANGUAGE_STANDARD = gnu11;
				GCC_NO_COMMON_BLOCKS = YES;
				GCC_WARN_64_TO_32_BIT_CONVERSION = YES;
				GCC_WARN_ABOUT_RETURN_TYPE = YES_ERROR;
				GCC_WARN_UNDECLARED_SELECTOR = YES;
				GCC_WARN_UNINITIALIZED_AUTOS = YES_AGGRESSIVE;
				GCC_WARN_UNUSED_FUNCTION = YES;
				GCC_WARN_UNUSED_VARIABLE = YES;
				IPHONEOS_DEPLOYMENT_TARGET = 15.2;
				MTL_ENABLE_DEBUG_INFO = NO;
				MTL_FAST_MATH = YES;
				SDKROOT = iphoneos;
				SWIFT_COMPILATION_MODE = wholemodule;
				SWIFT_OPTIMIZATION_LEVEL = "-O";
				VALIDATE_PRODUCT = YES;
			};
			name = Release;
		};
		83CD4294292BE57800D51656 /* Debug */ = {
			isa = XCBuildConfiguration;
			buildSettings = {
				ASSETCATALOG_COMPILER_APPICON_NAME = AppIcon;
				ASSETCATALOG_COMPILER_GLOBAL_ACCENT_COLOR_NAME = AccentColor;
				CODE_SIGN_STYLE = Automatic;
				CURRENT_PROJECT_VERSION = 1;
				DEVELOPMENT_TEAM = GAQGZ3FW7B;
				GENERATE_INFOPLIST_FILE = YES;
				INFOPLIST_FILE = GraphApp/Info.plist;
				INFOPLIST_KEY_UIApplicationSupportsIndirectInputEvents = YES;
				INFOPLIST_KEY_UILaunchStoryboardName = LaunchScreen;
				INFOPLIST_KEY_UIMainStoryboardFile = Main;
				INFOPLIST_KEY_UISupportedInterfaceOrientations = UIInterfaceOrientationPortrait;
				INFOPLIST_KEY_UISupportedInterfaceOrientations_iPad = "UIInterfaceOrientationPortrait UIInterfaceOrientationPortraitUpsideDown UIInterfaceOrientationLandscapeLeft UIInterfaceOrientationLandscapeRight";
				INFOPLIST_KEY_UISupportedInterfaceOrientations_iPhone = "UIInterfaceOrientationPortrait UIInterfaceOrientationLandscapeLeft UIInterfaceOrientationLandscapeRight";
				LD_RUNPATH_SEARCH_PATHS = (
					"$(inherited)",
					"@executable_path/Frameworks",
				);
				MARKETING_VERSION = 1.0;
				PRODUCT_BUNDLE_IDENTIFIER = DV.GraphApp;
				PRODUCT_NAME = "$(TARGET_NAME)";
				SWIFT_EMIT_LOC_STRINGS = YES;
				SWIFT_VERSION = 5.0;
				TARGETED_DEVICE_FAMILY = 1;
			};
			name = Debug;
		};
		83CD4295292BE57800D51656 /* Release */ = {
			isa = XCBuildConfiguration;
			buildSettings = {
				ASSETCATALOG_COMPILER_APPICON_NAME = AppIcon;
				ASSETCATALOG_COMPILER_GLOBAL_ACCENT_COLOR_NAME = AccentColor;
				CODE_SIGN_STYLE = Automatic;
				CURRENT_PROJECT_VERSION = 1;
				DEVELOPMENT_TEAM = GAQGZ3FW7B;
				GENERATE_INFOPLIST_FILE = YES;
				INFOPLIST_FILE = GraphApp/Info.plist;
				INFOPLIST_KEY_UIApplicationSupportsIndirectInputEvents = YES;
				INFOPLIST_KEY_UILaunchStoryboardName = LaunchScreen;
				INFOPLIST_KEY_UIMainStoryboardFile = Main;
				INFOPLIST_KEY_UISupportedInterfaceOrientations = UIInterfaceOrientationPortrait;
				INFOPLIST_KEY_UISupportedInterfaceOrientations_iPad = "UIInterfaceOrientationPortrait UIInterfaceOrientationPortraitUpsideDown UIInterfaceOrientationLandscapeLeft UIInterfaceOrientationLandscapeRight";
				INFOPLIST_KEY_UISupportedInterfaceOrientations_iPhone = "UIInterfaceOrientationPortrait UIInterfaceOrientationLandscapeLeft UIInterfaceOrientationLandscapeRight";
				LD_RUNPATH_SEARCH_PATHS = (
					"$(inherited)",
					"@executable_path/Frameworks",
				);
				MARKETING_VERSION = 1.0;
				PRODUCT_BUNDLE_IDENTIFIER = DV.GraphApp;
				PRODUCT_NAME = "$(TARGET_NAME)";
				SWIFT_EMIT_LOC_STRINGS = YES;
				SWIFT_VERSION = 5.0;
				TARGETED_DEVICE_FAMILY = 1;
			};
			name = Release;
		};
/* End XCBuildConfiguration section */

/* Begin XCConfigurationList section */
		83CD427A292BE57600D51656 /* Build configuration list for PBXProject "GraphApp" */ = {
			isa = XCConfigurationList;
			buildConfigurations = (
				83CD4291292BE57800D51656 /* Debug */,
				83CD4292292BE57800D51656 /* Release */,
			);
			defaultConfigurationIsVisible = 0;
			defaultConfigurationName = Release;
		};
		83CD4293292BE57800D51656 /* Build configuration list for PBXNativeTarget "GraphApp" */ = {
			isa = XCConfigurationList;
			buildConfigurations = (
				83CD4294292BE57800D51656 /* Debug */,
				83CD4295292BE57800D51656 /* Release */,
			);
			defaultConfigurationIsVisible = 0;
			defaultConfigurationName = Release;
		};
/* End XCConfigurationList section */
	};
	rootObject = 83CD4277292BE57600D51656 /* Project object */;
}
